{
  "requires": true,
  "lockfileVersion": 1,
  "dependencies": {
    "vue-chartjs": {
      "version": "3.5.0",
      "resolved": "https://registry.npmjs.org/vue-chartjs/-/vue-chartjs-3.5.0.tgz",
      "integrity": "sha512-yWNhG3B6g6lvYqNInP0WaDWNZG/SNb6XnltkjR0wYC5pmLm6jvdiotj8er7Mui8qkJGfLZe6ULjrZdHWjegAUg=="
    }
  }
}
